
Microsoft Visual Studio Solution File, Format Version 12.00
# Visual Studio Version 17
VisualStudioVersion = 17.14.36429.23
MinimumVisualStudioVersion = 10.0.40219.1
Project("{FAE04EC0-301F-11D3-BF4B-00C04F79EFBC}") = "TextReport", "..\TextReport\TextReport.csproj", "{AE2F3FFB-1349-430C-8863-CDA238D445F0}"
EndProject
Project("{FAE04EC0-301F-11D3-BF4B-00C04F79EFBC}") = "WhiteSpaces Replace", "..\WhiteSpaces Replace\WhiteSpaces Replace.csproj", "{9BA385EA-0703-44A0-868E-7CCCA94CE43F}"
EndProject
Project("{FAE04EC0-301F-11D3-BF4B-00C04F79EFBC}") = "CheckingNames", "..\CheckingNames\CheckingNames.csproj", "{A9DC4844-91C0-40A5-A282-4F767B5262E7}"
EndProject
Global
	GlobalSection(SolutionConfigurationPlatforms) = preSolution
		Debug|Any CPU = Debug|Any CPU
		Release|Any CPU = Release|Any CPU
	EndGlobalSection
	GlobalSection(ProjectConfigurationPlatforms) = postSolution
		{AE2F3FFB-1349-430C-8863-CDA238D445F0}.Debug|Any CPU.ActiveCfg = Debug|Any CPU
		{AE2F3FFB-1349-430C-8863-CDA238D445F0}.Debug|Any CPU.Build.0 = Debug|Any CPU
		{AE2F3FFB-1349-430C-8863-CDA238D445F0}.Release|Any CPU.ActiveCfg = Release|Any CPU
		{AE2F3FFB-1349-430C-8863-CDA238D445F0}.Release|Any CPU.Build.0 = Release|Any CPU
		{9BA385EA-0703-44A0-868E-7CCCA94CE43F}.Debug|Any CPU.ActiveCfg = Debug|Any CPU
		{9BA385EA-0703-44A0-868E-7CCCA94CE43F}.Debug|Any CPU.Build.0 = Debug|Any CPU
		{9BA385EA-0703-44A0-868E-7CCCA94CE43F}.Release|Any CPU.ActiveCfg = Release|Any CPU
		{9BA385EA-0703-44A0-868E-7CCCA94CE43F}.Release|Any CPU.Build.0 = Release|Any CPU
		{A9DC4844-91C0-40A5-A282-4F767B5262E7}.Debug|Any CPU.ActiveCfg = Debug|Any CPU
		{A9DC4844-91C0-40A5-A282-4F767B5262E7}.Debug|Any CPU.Build.0 = Debug|Any CPU
		{A9DC4844-91C0-40A5-A282-4F767B5262E7}.Release|Any CPU.ActiveCfg = Release|Any CPU
		{A9DC4844-91C0-40A5-A282-4F767B5262E7}.Release|Any CPU.Build.0 = Release|Any CPU
	EndGlobalSection
	GlobalSection(SolutionProperties) = preSolution
		HideSolutionNode = FALSE
	EndGlobalSection
	GlobalSection(ExtensibilityGlobals) = postSolution
		SolutionGuid = {AD69B6BA-5C15-466B-8732-6EA82F1F2596}
	EndGlobalSection
EndGlobal
